// !$*UTF8*$!
{
	archiveVersion = 1;
	classes = {
	};
	objectVersion = 46;
	objects = {

/* Begin PBXBuildFile section */
		642194E11B66343D00EFC1E8 /* Launch Screen.storyboard in Resources */ = {isa = PBXBuildFile; fileRef = 642194E01B66343D00EFC1E8 /* Launch Screen.storyboard */; };
		645E83B9194AF8FF00CBCBA9 /* NOCSAppDelegate.m in Sources */ = {isa = PBXBuildFile; fileRef = 645E83B8194AF8FF00CBCBA9 /* NOCSAppDelegate.m */; };
		645E83BE194AF91500CBCBA9 /* NOCSExampleView.m in Sources */ = {isa = PBXBuildFile; fileRef = 645E83BB194AF91500CBCBA9 /* NOCSExampleView.m */; };
		645E83BF194AF91500CBCBA9 /* NOCSExampleViewController.m in Sources */ = {isa = PBXBuildFile; fileRef = 645E83BD194AF91500CBCBA9 /* NOCSExampleViewController.m */; };
		645E83C7194AF95100CBCBA9 /* NOCSLegendPair.m in Sources */ = {isa = PBXBuildFile; fileRef = 645E83C4194AF95100CBCBA9 /* NOCSLegendPair.m */; };
		645E83C8194AF95100CBCBA9 /* NOCSPercentageColor.m in Sources */ = {isa = PBXBuildFile; fileRef = 645E83C6194AF95100CBCBA9 /* NOCSPercentageColor.m */; };
		645E83CB194AF96300CBCBA9 /* NOCSView.m in Sources */ = {isa = PBXBuildFile; fileRef = 645E83CA194AF96300CBCBA9 /* NOCSView.m */; };
		645E83CE194AF96B00CBCBA9 /* NOCSLegendView.m in Sources */ = {isa = PBXBuildFile; fileRef = 645E83CD194AF96B00CBCBA9 /* NOCSLegendView.m */; };
		645F4E9719472315007D3B08 /* Foundation.framework in Frameworks */ = {isa = PBXBuildFile; fileRef = 645F4E9619472315007D3B08 /* Foundation.framework */; };
		645F4E9919472315007D3B08 /* CoreGraphics.framework in Frameworks */ = {isa = PBXBuildFile; fileRef = 645F4E9819472315007D3B08 /* CoreGraphics.framework */; };
		645F4E9B19472315007D3B08 /* UIKit.framework in Frameworks */ = {isa = PBXBuildFile; fileRef = 645F4E9A19472315007D3B08 /* UIKit.framework */; };
		645F4EA119472315007D3B08 /* InfoPlist.strings in Resources */ = {isa = PBXBuildFile; fileRef = 645F4E9F19472315007D3B08 /* InfoPlist.strings */; };
		645F4EA319472315007D3B08 /* main.m in Sources */ = {isa = PBXBuildFile; fileRef = 645F4EA219472315007D3B08 /* main.m */; };
		645F4EAF19472315007D3B08 /* Images.xcassets in Resources */ = {isa = PBXBuildFile; fileRef = 645F4EAE19472315007D3B08 /* Images.xcassets */; };
		645F4EB619472315007D3B08 /* XCTest.framework in Frameworks */ = {isa = PBXBuildFile; fileRef = 645F4EB519472315007D3B08 /* XCTest.framework */; };
		645F4EB719472315007D3B08 /* Foundation.framework in Frameworks */ = {isa = PBXBuildFile; fileRef = 645F4E9619472315007D3B08 /* Foundation.framework */; };
		645F4EB819472315007D3B08 /* UIKit.framework in Frameworks */ = {isa = PBXBuildFile; fileRef = 645F4E9A19472315007D3B08 /* UIKit.framework */; };
		645F4EC019472315007D3B08 /* InfoPlist.strings in Resources */ = {isa = PBXBuildFile; fileRef = 645F4EBE19472315007D3B08 /* InfoPlist.strings */; };
		645F4EC219472315007D3B08 /* CircleStatusTests.m in Sources */ = {isa = PBXBuildFile; fileRef = 645F4EC119472315007D3B08 /* CircleStatusTests.m */; };
		916E754CC7DE415E9BA9B806 /* libPods-CircleStatusTests.a in Frameworks */ = {isa = PBXBuildFile; fileRef = A5B3EC0A530E3281C3C32FA4 /* libPods-CircleStatusTests.a */; };
		F1E65AC59BB4EA1232DF40FD /* libPods.a in Frameworks */ = {isa = PBXBuildFile; fileRef = 15E12C8CD00C5B6F227EE752 /* libPods.a */; };
/* End PBXBuildFile section */

/* Begin PBXContainerItemProxy section */
		645F4EB919472315007D3B08 /* PBXContainerItemProxy */ = {
			isa = PBXContainerItemProxy;
			containerPortal = 645F4E8B19472315007D3B08 /* Project object */;
			proxyType = 1;
			remoteGlobalIDString = 645F4E9219472315007D3B08;
			remoteInfo = CircleStatus;
		};
/* End PBXContainerItemProxy section */

/* Begin PBXFileReference section */
		15E12C8CD00C5B6F227EE752 /* libPods.a */ = {isa = PBXFileReference; explicitFileType = archive.ar; includeInIndex = 0; path = libPods.a; sourceTree = BUILT_PRODUCTS_DIR; };
		1DDA004ACB8B0BE2D2D36B71 /* libPods-CircleStatus.a */ = {isa = PBXFileReference; explicitFileType = archive.ar; includeInIndex = 0; path = "libPods-CircleStatus.a"; sourceTree = BUILT_PRODUCTS_DIR; };
		642194E01B66343D00EFC1E8 /* Launch Screen.storyboard */ = {isa = PBXFileReference; fileEncoding = 4; lastKnownFileType = file.storyboard; path = "Launch Screen.storyboard"; sourceTree = "<group>"; };
		645E83B7194AF8FF00CBCBA9 /* NOCSAppDelegate.h */ = {isa = PBXFileReference; fileEncoding = 4; lastKnownFileType = sourcecode.c.h; name = NOCSAppDelegate.h; path = Example/NOCSAppDelegate.h; sourceTree = "<group>"; };
		645E83B8194AF8FF00CBCBA9 /* NOCSAppDelegate.m */ = {isa = PBXFileReference; fileEncoding = 4; lastKnownFileType = sourcecode.c.objc; name = NOCSAppDelegate.m; path = Example/NOCSAppDelegate.m; sourceTree = "<group>"; };
		645E83BA194AF91500CBCBA9 /* NOCSExampleView.h */ = {isa = PBXFileReference; fileEncoding = 4; lastKnownFileType = sourcecode.c.h; name = NOCSExampleView.h; path = Example/NOCSExampleView.h; sourceTree = "<group>"; };
		645E83BB194AF91500CBCBA9 /* NOCSExampleView.m */ = {isa = PBXFileReference; fileEncoding = 4; lastKnownFileType = sourcecode.c.objc; name = NOCSExampleView.m; path = Example/NOCSExampleView.m; sourceTree = "<group>"; };
		645E83BC194AF91500CBCBA9 /* NOCSExampleViewController.h */ = {isa = PBXFileReference; fileEncoding = 4; lastKnownFileType = sourcecode.c.h; name = NOCSExampleViewController.h; path = Example/NOCSExampleViewController.h; sourceTree = "<group>"; };
		645E83BD194AF91500CBCBA9 /* NOCSExampleViewController.m */ = {isa = PBXFileReference; fileEncoding = 4; lastKnownFileType = sourcecode.c.objc; name = NOCSExampleViewController.m; path = Example/NOCSExampleViewController.m; sourceTree = "<group>"; };
		645E83C3194AF95100CBCBA9 /* NOCSLegendPair.h */ = {isa = PBXFileReference; fileEncoding = 4; lastKnownFileType = sourcecode.c.h; name = NOCSLegendPair.h; path = CircleStatus/NOCSLegendPair.h; sourceTree = "<group>"; };
		645E83C4194AF95100CBCBA9 /* NOCSLegendPair.m */ = {isa = PBXFileReference; fileEncoding = 4; lastKnownFileType = sourcecode.c.objc; name = NOCSLegendPair.m; path = CircleStatus/NOCSLegendPair.m; sourceTree = "<group>"; };
		645E83C5194AF95100CBCBA9 /* NOCSPercentageColor.h */ = {isa = PBXFileReference; fileEncoding = 4; lastKnownFileType = sourcecode.c.h; name = NOCSPercentageColor.h; path = CircleStatus/NOCSPercentageColor.h; sourceTree = "<group>"; };
		645E83C6194AF95100CBCBA9 /* NOCSPercentageColor.m */ = {isa = PBXFileReference; fileEncoding = 4; lastKnownFileType = sourcecode.c.objc; name = NOCSPercentageColor.m; path = CircleStatus/NOCSPercentageColor.m; sourceTree = "<group>"; };
		645E83C9194AF96300CBCBA9 /* NOCSView.h */ = {isa = PBXFileReference; fileEncoding = 4; lastKnownFileType = sourcecode.c.h; name = NOCSView.h; path = CircleStatus/NOCSView.h; sourceTree = "<group>"; };
		645E83CA194AF96300CBCBA9 /* NOCSView.m */ = {isa = PBXFileReference; fileEncoding = 4; lastKnownFileType = sourcecode.c.objc; name = NOCSView.m; path = CircleStatus/NOCSView.m; sourceTree = "<group>"; };
		645E83CC194AF96B00CBCBA9 /* NOCSLegendView.h */ = {isa = PBXFileReference; fileEncoding = 4; lastKnownFileType = sourcecode.c.h; name = NOCSLegendView.h; path = CircleStatus/NOCSLegendView.h; sourceTree = "<group>"; };
		645E83CD194AF96B00CBCBA9 /* NOCSLegendView.m */ = {isa = PBXFileReference; fileEncoding = 4; lastKnownFileType = sourcecode.c.objc; name = NOCSLegendView.m; path = CircleStatus/NOCSLegendView.m; sourceTree = "<group>"; };
		645F4E9319472315007D3B08 /* CircleStatus.app */ = {isa = PBXFileReference; explicitFileType = wrapper.application; includeInIndex = 0; path = CircleStatus.app; sourceTree = BUILT_PRODUCTS_DIR; };
		645F4E9619472315007D3B08 /* Foundation.framework */ = {isa = PBXFileReference; lastKnownFileType = wrapper.framework; name = Foundation.framework; path = System/Library/Frameworks/Foundation.framework; sourceTree = SDKROOT; };
		645F4E9819472315007D3B08 /* CoreGraphics.framework */ = {isa = PBXFileReference; lastKnownFileType = wrapper.framework; name = CoreGraphics.framework; path = System/Library/Frameworks/CoreGraphics.framework; sourceTree = SDKROOT; };
		645F4E9A19472315007D3B08 /* UIKit.framework */ = {isa = PBXFileReference; lastKnownFileType = wrapper.framework; name = UIKit.framework; path = System/Library/Frameworks/UIKit.framework; sourceTree = SDKROOT; };
		645F4E9E19472315007D3B08 /* CircleStatus-Info.plist */ = {isa = PBXFileReference; lastKnownFileType = text.plist.xml; path = "CircleStatus-Info.plist"; sourceTree = "<group>"; };
		645F4EA019472315007D3B08 /* en */ = {isa = PBXFileReference; lastKnownFileType = text.plist.strings; name = en; path = en.lproj/InfoPlist.strings; sourceTree = "<group>"; };
		645F4EA219472315007D3B08 /* main.m */ = {isa = PBXFileReference; lastKnownFileType = sourcecode.c.objc; path = main.m; sourceTree = "<group>"; };
		645F4EAE19472315007D3B08 /* Images.xcassets */ = {isa = PBXFileReference; lastKnownFileType = folder.assetcatalog; path = Images.xcassets; sourceTree = "<group>"; };
		645F4EB419472315007D3B08 /* CircleStatusTests.xctest */ = {isa = PBXFileReference; explicitFileType = wrapper.cfbundle; includeInIndex = 0; path = CircleStatusTests.xctest; sourceTree = BUILT_PRODUCTS_DIR; };
		645F4EB519472315007D3B08 /* XCTest.framework */ = {isa = PBXFileReference; lastKnownFileType = wrapper.framework; name = XCTest.framework; path = Library/Frameworks/XCTest.framework; sourceTree = DEVELOPER_DIR; };
		645F4EBD19472315007D3B08 /* CircleStatusTests-Info.plist */ = {isa = PBXFileReference; lastKnownFileType = text.plist.xml; path = "CircleStatusTests-Info.plist"; sourceTree = "<group>"; };
		645F4EBF19472315007D3B08 /* en */ = {isa = PBXFileReference; lastKnownFileType = text.plist.strings; name = en; path = en.lproj/InfoPlist.strings; sourceTree = "<group>"; };
		645F4EC119472315007D3B08 /* CircleStatusTests.m */ = {isa = PBXFileReference; lastKnownFileType = sourcecode.c.objc; path = CircleStatusTests.m; sourceTree = "<group>"; };
		7107E6458B8FE646C5EEB5B1 /* Pods-CircleStatus.debug.xcconfig */ = {isa = PBXFileReference; includeInIndex = 1; lastKnownFileType = text.xcconfig; name = "Pods-CircleStatus.debug.xcconfig"; path = "Pods/Target Support Files/Pods-CircleStatus/Pods-CircleStatus.debug.xcconfig"; sourceTree = "<group>"; };
		A5B3EC0A530E3281C3C32FA4 /* libPods-CircleStatusTests.a */ = {isa = PBXFileReference; explicitFileType = archive.ar; includeInIndex = 0; path = "libPods-CircleStatusTests.a"; sourceTree = BUILT_PRODUCTS_DIR; };
		B38CDFE6AB70FC5141E5B12E /* Pods-CircleStatusTests.debug.xcconfig */ = {isa = PBXFileReference; includeInIndex = 1; lastKnownFileType = text.xcconfig; name = "Pods-CircleStatusTests.debug.xcconfig"; path = "Pods/Target Support Files/Pods-CircleStatusTests/Pods-CircleStatusTests.debug.xcconfig"; sourceTree = "<group>"; };
		B4A6A3E37E0D5F3AC994F43A /* Pods-CircleStatusTests.release.xcconfig */ = {isa = PBXFileReference; includeInIndex = 1; lastKnownFileType = text.xcconfig; name = "Pods-CircleStatusTests.release.xcconfig"; path = "Pods/Target Support Files/Pods-CircleStatusTests/Pods-CircleStatusTests.release.xcconfig"; sourceTree = "<group>"; };
		C4DCF92A8E2F78A2A229F5B8 /* Pods-CircleStatus.release.xcconfig */ = {isa = PBXFileReference; includeInIndex = 1; lastKnownFileType = text.xcconfig; name = "Pods-CircleStatus.release.xcconfig"; path = "Pods/Target Support Files/Pods-CircleStatus/Pods-CircleStatus.release.xcconfig"; sourceTree = "<group>"; };
		F094BBAE79192E97E9E2085B /* Pods.release.xcconfig */ = {isa = PBXFileReference; includeInIndex = 1; lastKnownFileType = text.xcconfig; name = Pods.release.xcconfig; path = "Pods/Target Support Files/Pods/Pods.release.xcconfig"; sourceTree = "<group>"; };
		FF8FFA9903FE65AD072989C2 /* Pods.debug.xcconfig */ = {isa = PBXFileReference; includeInIndex = 1; lastKnownFileType = text.xcconfig; name = Pods.debug.xcconfig; path = "Pods/Target Support Files/Pods/Pods.debug.xcconfig"; sourceTree = "<group>"; };
/* End PBXFileReference section */

/* Begin PBXFrameworksBuildPhase section */
		645F4E9019472315007D3B08 /* Frameworks */ = {
			isa = PBXFrameworksBuildPhase;
			buildActionMask = 2147483647;
			files = (
				645F4E9919472315007D3B08 /* CoreGraphics.framework in Frameworks */,
				645F4E9B19472315007D3B08 /* UIKit.framework in Frameworks */,
				645F4E9719472315007D3B08 /* Foundation.framework in Frameworks */,
				F1E65AC59BB4EA1232DF40FD /* libPods.a in Frameworks */,
			);
			runOnlyForDeploymentPostprocessing = 0;
		};
		645F4EB119472315007D3B08 /* Frameworks */ = {
			isa = PBXFrameworksBuildPhase;
			buildActionMask = 2147483647;
			files = (
				645F4EB619472315007D3B08 /* XCTest.framework in Frameworks */,
				645F4EB819472315007D3B08 /* UIKit.framework in Frameworks */,
				645F4EB719472315007D3B08 /* Foundation.framework in Frameworks */,
				916E754CC7DE415E9BA9B806 /* libPods-CircleStatusTests.a in Frameworks */,
			);
			runOnlyForDeploymentPostprocessing = 0;
		};
/* End PBXFrameworksBuildPhase section */

/* Begin PBXGroup section */
		1AAFA31B6EE52CA39B7C5312 /* Pods */ = {
			isa = PBXGroup;
			children = (
				7107E6458B8FE646C5EEB5B1 /* Pods-CircleStatus.debug.xcconfig */,
				C4DCF92A8E2F78A2A229F5B8 /* Pods-CircleStatus.release.xcconfig */,
				B38CDFE6AB70FC5141E5B12E /* Pods-CircleStatusTests.debug.xcconfig */,
				B4A6A3E37E0D5F3AC994F43A /* Pods-CircleStatusTests.release.xcconfig */,
				FF8FFA9903FE65AD072989C2 /* Pods.debug.xcconfig */,
				F094BBAE79192E97E9E2085B /* Pods.release.xcconfig */,
			);
			name = Pods;
			sourceTree = "<group>";
		};
		642A46BD19498C0A0073D8E5 /* Models */ = {
			isa = PBXGroup;
			children = (
				645E83C5194AF95100CBCBA9 /* NOCSPercentageColor.h */,
				645E83C6194AF95100CBCBA9 /* NOCSPercentageColor.m */,
				645E83C3194AF95100CBCBA9 /* NOCSLegendPair.h */,
				645E83C4194AF95100CBCBA9 /* NOCSLegendPair.m */,
			);
			name = Models;
			sourceTree = "<group>";
		};
		642A46BE19498C140073D8E5 /* Views */ = {
			isa = PBXGroup;
			children = (
				645E83C9194AF96300CBCBA9 /* NOCSView.h */,
				645E83CA194AF96300CBCBA9 /* NOCSView.m */,
				645E83CC194AF96B00CBCBA9 /* NOCSLegendView.h */,
				645E83CD194AF96B00CBCBA9 /* NOCSLegendView.m */,
			);
			name = Views;
			sourceTree = "<group>";
		};
		645F4E8A19472315007D3B08 = {
			isa = PBXGroup;
			children = (
				645F4E9C19472315007D3B08 /* CircleStatus */,
				645F4EBB19472315007D3B08 /* CircleStatusTests */,
				645F4E9519472315007D3B08 /* Frameworks */,
				645F4E9419472315007D3B08 /* Products */,
				1AAFA31B6EE52CA39B7C5312 /* Pods */,
			);
			sourceTree = "<group>";
		};
		645F4E9419472315007D3B08 /* Products */ = {
			isa = PBXGroup;
			children = (
				645F4E9319472315007D3B08 /* CircleStatus.app */,
				645F4EB419472315007D3B08 /* CircleStatusTests.xctest */,
			);
			name = Products;
			sourceTree = "<group>";
		};
		645F4E9519472315007D3B08 /* Frameworks */ = {
			isa = PBXGroup;
			children = (
				645F4E9619472315007D3B08 /* Foundation.framework */,
				645F4E9819472315007D3B08 /* CoreGraphics.framework */,
				645F4E9A19472315007D3B08 /* UIKit.framework */,
				645F4EB519472315007D3B08 /* XCTest.framework */,
				1DDA004ACB8B0BE2D2D36B71 /* libPods-CircleStatus.a */,
				A5B3EC0A530E3281C3C32FA4 /* libPods-CircleStatusTests.a */,
				15E12C8CD00C5B6F227EE752 /* libPods.a */,
			);
			name = Frameworks;
			sourceTree = "<group>";
		};
		645F4E9C19472315007D3B08 /* CircleStatus */ = {
			isa = PBXGroup;
			children = (
				645E83B7194AF8FF00CBCBA9 /* NOCSAppDelegate.h */,
				645E83B8194AF8FF00CBCBA9 /* NOCSAppDelegate.m */,
				645F4ECF19473250007D3B08 /* Example */,
				645F4ED019473256007D3B08 /* CircleStatus */,
				645F4ECE19473242007D3B08 /* Resources */,
				645F4E9D19472315007D3B08 /* Supporting Files */,
			);
			path = CircleStatus;
			sourceTree = "<group>";
		};
		645F4E9D19472315007D3B08 /* Supporting Files */ = {
			isa = PBXGroup;
			children = (
				645F4E9E19472315007D3B08 /* CircleStatus-Info.plist */,
				645F4E9F19472315007D3B08 /* InfoPlist.strings */,
				645F4EA219472315007D3B08 /* main.m */,
			);
			name = "Supporting Files";
			sourceTree = "<group>";
		};
		645F4EBB19472315007D3B08 /* CircleStatusTests */ = {
			isa = PBXGroup;
			children = (
				645F4EC119472315007D3B08 /* CircleStatusTests.m */,
				645F4EBC19472315007D3B08 /* Supporting Files */,
			);
			path = CircleStatusTests;
			sourceTree = "<group>";
		};
		645F4EBC19472315007D3B08 /* Supporting Files */ = {
			isa = PBXGroup;
			children = (
				645F4EBD19472315007D3B08 /* CircleStatusTests-Info.plist */,
				645F4EBE19472315007D3B08 /* InfoPlist.strings */,
			);
			name = "Supporting Files";
			sourceTree = "<group>";
		};
		645F4ECE19473242007D3B08 /* Resources */ = {
			isa = PBXGroup;
			children = (
				645F4EAE19472315007D3B08 /* Images.xcassets */,
				642194E01B66343D00EFC1E8 /* Launch Screen.storyboard */,
			);
			name = Resources;
			sourceTree = "<group>";
		};
		645F4ECF19473250007D3B08 /* Example */ = {
			isa = PBXGroup;
			children = (
				645E83BC194AF91500CBCBA9 /* NOCSExampleViewController.h */,
				645E83BD194AF91500CBCBA9 /* NOCSExampleViewController.m */,
				645E83BA194AF91500CBCBA9 /* NOCSExampleView.h */,
				645E83BB194AF91500CBCBA9 /* NOCSExampleView.m */,
			);
			name = Example;
			sourceTree = "<group>";
		};
		645F4ED019473256007D3B08 /* CircleStatus */ = {
			isa = PBXGroup;
			children = (
				642A46BE19498C140073D8E5 /* Views */,
				642A46BD19498C0A0073D8E5 /* Models */,
			);
			name = CircleStatus;
			sourceTree = "<group>";
		};
/* End PBXGroup section */

/* Begin PBXNativeTarget section */
		645F4E9219472315007D3B08 /* CircleStatus */ = {
			isa = PBXNativeTarget;
			buildConfigurationList = 645F4EC519472315007D3B08 /* Build configuration list for PBXNativeTarget "CircleStatus" */;
			buildPhases = (
				ACBD18F36F94042F6D8E23D3 /* Check Pods Manifest.lock */,
				645F4E8F19472315007D3B08 /* Sources */,
				645F4E9019472315007D3B08 /* Frameworks */,
				645F4E9119472315007D3B08 /* Resources */,
				OBJCLEANCUSTOMRUNSCRIPTT /* Objective-Clean Run Script */,
				2069CE9C8EB09A552220F10F /* Copy Pods Resources */,
			);
			buildRules = (
			);
			dependencies = (
			);
			name = CircleStatus;
			productName = CircleStatus;
			productReference = 645F4E9319472315007D3B08 /* CircleStatus.app */;
			productType = "com.apple.product-type.application";
		};
		645F4EB319472315007D3B08 /* CircleStatusTests */ = {
			isa = PBXNativeTarget;
			buildConfigurationList = 645F4EC819472315007D3B08 /* Build configuration list for PBXNativeTarget "CircleStatusTests" */;
			buildPhases = (
				59E3A691AC89508773CC4290 /* Check Pods Manifest.lock */,
				645F4EB019472315007D3B08 /* Sources */,
				645F4EB119472315007D3B08 /* Frameworks */,
				645F4EB219472315007D3B08 /* Resources */,
				EF3D11337704E41DC8EDAD07 /* Copy Pods Resources */,
			);
			buildRules = (
			);
			dependencies = (
				645F4EBA19472315007D3B08 /* PBXTargetDependency */,
			);
			name = CircleStatusTests;
			productName = CircleStatusTests;
			productReference = 645F4EB419472315007D3B08 /* CircleStatusTests.xctest */;
			productType = "com.apple.product-type.bundle.unit-test";
		};
/* End PBXNativeTarget section */

/* Begin PBXProject section */
		645F4E8B19472315007D3B08 /* Project object */ = {
			isa = PBXProject;
			attributes = {
				CLASSPREFIX = NOCS;
				LastUpgradeCheck = 0700;
				ORGANIZATIONNAME = iOskApps;
				TargetAttributes = {
					645F4EB319472315007D3B08 = {
						TestTargetID = 645F4E9219472315007D3B08;
					};
				};
			};
			buildConfigurationList = 645F4E8E19472315007D3B08 /* Build configuration list for PBXProject "CircleStatus" */;
			compatibilityVersion = "Xcode 3.2";
			developmentRegion = English;
			hasScannedForEncodings = 0;
			knownRegions = (
				en,
				Base,
			);
			mainGroup = 645F4E8A19472315007D3B08;
			productRefGroup = 645F4E9419472315007D3B08 /* Products */;
			projectDirPath = "";
			projectRoot = "";
			targets = (
				645F4E9219472315007D3B08 /* CircleStatus */,
				645F4EB319472315007D3B08 /* CircleStatusTests */,
			);
		};
/* End PBXProject section */

/* Begin PBXResourcesBuildPhase section */
		645F4E9119472315007D3B08 /* Resources */ = {
			isa = PBXResourcesBuildPhase;
			buildActionMask = 2147483647;
			files = (
				642194E11B66343D00EFC1E8 /* Launch Screen.storyboard in Resources */,
				645F4EAF19472315007D3B08 /* Images.xcassets in Resources */,
				645F4EA119472315007D3B08 /* InfoPlist.strings in Resources */,
			);
			runOnlyForDeploymentPostprocessing = 0;
		};
		645F4EB219472315007D3B08 /* Resources */ = {
			isa = PBXResourcesBuildPhase;
			buildActionMask = 2147483647;
			files = (
				645F4EC019472315007D3B08 /* InfoPlist.strings in Resources */,
			);
			runOnlyForDeploymentPostprocessing = 0;
		};
/* End PBXResourcesBuildPhase section */

/* Begin PBXShellScriptBuildPhase section */
		2069CE9C8EB09A552220F10F /* Copy Pods Resources */ = {
			isa = PBXShellScriptBuildPhase;
			buildActionMask = 2147483647;
			files = (
			);
			inputPaths = (
			);
			name = "Copy Pods Resources";
			outputPaths = (
			);
			runOnlyForDeploymentPostprocessing = 0;
			shellPath = /bin/sh;
			shellScript = "\"${SRCROOT}/Pods/Target Support Files/Pods/Pods-resources.sh\"\n";
			showEnvVarsInLog = 0;
		};
		59E3A691AC89508773CC4290 /* Check Pods Manifest.lock */ = {
			isa = PBXShellScriptBuildPhase;
			buildActionMask = 2147483647;
			files = (
			);
			inputPaths = (
			);
			name = "Check Pods Manifest.lock";
			outputPaths = (
			);
			runOnlyForDeploymentPostprocessing = 0;
			shellPath = /bin/sh;
			shellScript = "diff \"${PODS_ROOT}/../Podfile.lock\" \"${PODS_ROOT}/Manifest.lock\" > /dev/null\nif [[ $? != 0 ]] ; then\n    cat << EOM\nerror: The sandbox is not in sync with the Podfile.lock. Run 'pod install' or update your CocoaPods installation.\nEOM\n    exit 1\nfi\n";
			showEnvVarsInLog = 0;
		};
		ACBD18F36F94042F6D8E23D3 /* Check Pods Manifest.lock */ = {
			isa = PBXShellScriptBuildPhase;
			buildActionMask = 2147483647;
			files = (
			);
			inputPaths = (
			);
			name = "Check Pods Manifest.lock";
			outputPaths = (
			);
			runOnlyForDeploymentPostprocessing = 0;
			shellPath = /bin/sh;
			shellScript = "diff \"${PODS_ROOT}/../Podfile.lock\" \"${PODS_ROOT}/Manifest.lock\" > /dev/null\nif [[ $? != 0 ]] ; then\n    cat << EOM\nerror: The sandbox is not in sync with the Podfile.lock. Run 'pod install' or update your CocoaPods installation.\nEOM\n    exit 1\nfi\n";
			showEnvVarsInLog = 0;
		};
		EF3D11337704E41DC8EDAD07 /* Copy Pods Resources */ = {
			isa = PBXShellScriptBuildPhase;
			buildActionMask = 2147483647;
			files = (
			);
			inputPaths = (
			);
			name = "Copy Pods Resources";
			outputPaths = (
			);
			runOnlyForDeploymentPostprocessing = 0;
			shellPath = /bin/sh;
			shellScript = "\"${SRCROOT}/Pods/Target Support Files/Pods-CircleStatusTests/Pods-CircleStatusTests-resources.sh\"\n";
			showEnvVarsInLog = 0;
		};
		OBJCLEANCUSTOMRUNSCRIPTT /* Objective-Clean Run Script */ = {
			isa = PBXShellScriptBuildPhase;
			buildActionMask = 2147483647;
			files = (
			);
			inputPaths = (
			);
			name = "Objective-Clean Run Script";
			outputPaths = (
			);
			runOnlyForDeploymentPostprocessing = 0;
			shellPath = /bin/bash;
			shellScript = "if [[ -z ${SKIP_OBJCLEAN} || ${SKIP_OBJCLEAN} != 1 ]]; then\nif [[ -d \"${LOCAL_APPS_DIR}/Objective-Clean.app\" ]]; then \n\"${LOCAL_APPS_DIR}\"/Objective-Clean.app/Contents/Resources/ObjClean.app/Contents/MacOS/ObjClean \"${SRCROOT}\" \nelse\necho \"warning: You have to install and set up Objective-Clean to use its features!\" \nfi\nfi";
		};
/* End PBXShellScriptBuildPhase section */

/* Begin PBXSourcesBuildPhase section */
		645F4E8F19472315007D3B08 /* Sources */ = {
			isa = PBXSourcesBuildPhase;
			buildActionMask = 2147483647;
			files = (
				645E83BF194AF91500CBCBA9 /* NOCSExampleViewController.m in Sources */,
				645E83C8194AF95100CBCBA9 /* NOCSPercentageColor.m in Sources */,
				645E83C7194AF95100CBCBA9 /* NOCSLegendPair.m in Sources */,
				645F4EA319472315007D3B08 /* main.m in Sources */,
				645E83CB194AF96300CBCBA9 /* NOCSView.m in Sources */,
				645E83CE194AF96B00CBCBA9 /* NOCSLegendView.m in Sources */,
				645E83B9194AF8FF00CBCBA9 /* NOCSAppDelegate.m in Sources */,
				645E83BE194AF91500CBCBA9 /* NOCSExampleView.m in Sources */,
			);
			runOnlyForDeploymentPostprocessing = 0;
		};
		645F4EB019472315007D3B08 /* Sources */ = {
			isa = PBXSourcesBuildPhase;
			buildActionMask = 2147483647;
			files = (
				645F4EC219472315007D3B08 /* CircleStatusTests.m in Sources */,
			);
			runOnlyForDeploymentPostprocessing = 0;
		};
/* End PBXSourcesBuildPhase section */

/* Begin PBXTargetDependency section */
		645F4EBA19472315007D3B08 /* PBXTargetDependency */ = {
			isa = PBXTargetDependency;
			target = 645F4E9219472315007D3B08 /* CircleStatus */;
			targetProxy = 645F4EB919472315007D3B08 /* PBXContainerItemProxy */;
		};
/* End PBXTargetDependency section */

/* Begin PBXVariantGroup section */
		645F4E9F19472315007D3B08 /* InfoPlist.strings */ = {
			isa = PBXVariantGroup;
			children = (
				645F4EA019472315007D3B08 /* en */,
			);
			name = InfoPlist.strings;
			sourceTree = "<group>";
		};
		645F4EBE19472315007D3B08 /* InfoPlist.strings */ = {
			isa = PBXVariantGroup;
			children = (
				645F4EBF19472315007D3B08 /* en */,
			);
			name = InfoPlist.strings;
			sourceTree = "<group>";
		};
/* End PBXVariantGroup section */

/* Begin XCBuildConfiguration section */
		645F4EC319472315007D3B08 /* Debug */ = {
			isa = XCBuildConfiguration;
			buildSettings = {
				ALWAYS_SEARCH_USER_PATHS = NO;
				CLANG_CXX_LANGUAGE_STANDARD = "gnu++0x";
				CLANG_CXX_LIBRARY = "libc++";
				CLANG_ENABLE_MODULES = YES;
				CLANG_ENABLE_OBJC_ARC = YES;
				CLANG_WARN_BOOL_CONVERSION = YES;
				CLANG_WARN_CONSTANT_CONVERSION = YES;
				CLANG_WARN_DIRECT_OBJC_ISA_USAGE = YES_ERROR;
				CLANG_WARN_EMPTY_BODY = YES;
				CLANG_WARN_ENUM_CONVERSION = YES;
				CLANG_WARN_INT_CONVERSION = YES;
				CLANG_WARN_OBJC_ROOT_CLASS = YES_ERROR;
				CLANG_WARN__DUPLICATE_METHOD_MATCH = YES;
				"CODE_SIGN_IDENTITY[sdk=iphoneos*]" = "iPhone Developer";
				COPY_PHASE_STRIP = NO;
				ENABLE_TESTABILITY = YES;
				GCC_C_LANGUAGE_STANDARD = gnu99;
				GCC_DYNAMIC_NO_PIC = NO;
				GCC_OPTIMIZATION_LEVEL = 0;
				GCC_PREPROCESSOR_DEFINITIONS = (
					"DEBUG=1",
					"$(inherited)",
				);
				GCC_SYMBOLS_PRIVATE_EXTERN = NO;
				GCC_WARN_64_TO_32_BIT_CONVERSION = YES;
				GCC_WARN_ABOUT_RETURN_TYPE = YES_ERROR;
				GCC_WARN_UNDECLARED_SELECTOR = YES;
				GCC_WARN_UNINITIALIZED_AUTOS = YES_AGGRESSIVE;
				GCC_WARN_UNUSED_FUNCTION = YES;
				GCC_WARN_UNUSED_VARIABLE = YES;
				IPHONEOS_DEPLOYMENT_TARGET = 6.0;
				ONLY_ACTIVE_ARCH = YES;
				SDKROOT = iphoneos;
			};
			name = Debug;
		};
		645F4EC419472315007D3B08 /* Release */ = {
			isa = XCBuildConfiguration;
			buildSettings = {
				ALWAYS_SEARCH_USER_PATHS = NO;
				CLANG_CXX_LANGUAGE_STANDARD = "gnu++0x";
				CLANG_CXX_LIBRARY = "libc++";
				CLANG_ENABLE_MODULES = YES;
				CLANG_ENABLE_OBJC_ARC = YES;
				CLANG_WARN_BOOL_CONVERSION = YES;
				CLANG_WARN_CONSTANT_CONVERSION = YES;
				CLANG_WARN_DIRECT_OBJC_ISA_USAGE = YES_ERROR;
				CLANG_WARN_EMPTY_BODY = YES;
				CLANG_WARN_ENUM_CONVERSION = YES;
				CLANG_WARN_INT_CONVERSION = YES;
				CLANG_WARN_OBJC_ROOT_CLASS = YES_ERROR;
				CLANG_WARN__DUPLICATE_METHOD_MATCH = YES;
				"CODE_SIGN_IDENTITY[sdk=iphoneos*]" = "iPhone Developer";
				COPY_PHASE_STRIP = YES;
				ENABLE_NS_ASSERTIONS = NO;
				GCC_C_LANGUAGE_STANDARD = gnu99;
				GCC_WARN_64_TO_32_BIT_CONVERSION = YES;
				GCC_WARN_ABOUT_RETURN_TYPE = YES_ERROR;
				GCC_WARN_UNDECLARED_SELECTOR = YES;
				GCC_WARN_UNINITIALIZED_AUTOS = YES_AGGRESSIVE;
				GCC_WARN_UNUSED_FUNCTION = YES;
				GCC_WARN_UNUSED_VARIABLE = YES;
				IPHONEOS_DEPLOYMENT_TARGET = 6.0;
				SDKROOT = iphoneos;
				VALIDATE_PRODUCT = YES;
			};
			name = Release;
		};
		645F4EC619472315007D3B08 /* Debug */ = {
			isa = XCBuildConfiguration;
			baseConfigurationReference = FF8FFA9903FE65AD072989C2 /* Pods.debug.xcconfig */;
			buildSettings = {
				ASSETCATALOG_COMPILER_APPICON_NAME = AppIcon;
				ASSETCATALOG_COMPILER_LAUNCHIMAGE_NAME = LaunchImage;
				GCC_PRECOMPILE_PREFIX_HEADER = NO;
				GCC_PREFIX_HEADER = "";
				GCC_TREAT_WARNINGS_AS_ERRORS = YES;
				INFOPLIST_FILE = "CircleStatus/CircleStatus-Info.plist";
				IPHONEOS_DEPLOYMENT_TARGET = 6.0;
				PRODUCT_BUNDLE_IDENTIFIER = "com.ioskapps.${PRODUCT_NAME:rfc1034identifier}";
				PRODUCT_NAME = "$(TARGET_NAME)";
				TARGETED_DEVICE_FAMILY = "1,2";
				WARNING_CFLAGS = "-Wfloat-equal";
				WARNING_LDFLAGS = "";
				WRAPPER_EXTENSION = app;
			};
			name = Debug;
		};
		645F4EC719472315007D3B08 /* Release */ = {
			isa = XCBuildConfiguration;
			baseConfigurationReference = F094BBAE79192E97E9E2085B /* Pods.release.xcconfig */;
			buildSettings = {
				ASSETCATALOG_COMPILER_APPICON_NAME = AppIcon;
				ASSETCATALOG_COMPILER_LAUNCHIMAGE_NAME = LaunchImage;
				GCC_PRECOMPILE_PREFIX_HEADER = NO;
				GCC_PREFIX_HEADER = "";
				GCC_TREAT_WARNINGS_AS_ERRORS = YES;
				INFOPLIST_FILE = "CircleStatus/CircleStatus-Info.plist";
				IPHONEOS_DEPLOYMENT_TARGET = 6.0;
				PRODUCT_BUNDLE_IDENTIFIER = "com.ioskapps.${PRODUCT_NAME:rfc1034identifier}";
				PRODUCT_NAME = "$(TARGET_NAME)";
				TARGETED_DEVICE_FAMILY = "1,2";
				WARNING_CFLAGS = "-Wfloat-equal";
				WARNING_LDFLAGS = "";
				WRAPPER_EXTENSION = app;
			};
			name = Release;
		};
		645F4EC919472315007D3B08 /* Debug */ = {
			isa = XCBuildConfiguration;
			baseConfigurationReference = B38CDFE6AB70FC5141E5B12E /* Pods-CircleStatusTests.debug.xcconfig */;
			buildSettings = {
				BUNDLE_LOADER = "$(BUILT_PRODUCTS_DIR)/CircleStatus.app/CircleStatus";
				FRAMEWORK_SEARCH_PATHS = (
					"$(SDKROOT)/Developer/Library/Frameworks",
					"$(inherited)",
					"$(DEVELOPER_FRAMEWORKS_DIR)",
				);
				GCC_PRECOMPILE_PREFIX_HEADER = NO;
				GCC_PREFIX_HEADER = "";
				GCC_PREPROCESSOR_DEFINITIONS = (
					"DEBUG=1",
					"$(inherited)",
				);
				GCC_TREAT_WARNINGS_AS_ERRORS = YES;
				INFOPLIST_FILE = "CircleStatusTests/CircleStatusTests-Info.plist";
				PRODUCT_BUNDLE_IDENTIFIER = "com.ioskapps.${PRODUCT_NAME:rfc1034identifier}";
				PRODUCT_NAME = "$(TARGET_NAME)";
				TEST_HOST = "$(BUNDLE_LOADER)";
				WARNING_CFLAGS = "-Wfloat-equal";
				WRAPPER_EXTENSION = xctest;
			};
			name = Debug;
		};
		645F4ECA19472315007D3B08 /* Release */ = {
			isa = XCBuildConfiguration;
			baseConfigurationReference = B4A6A3E37E0D5F3AC994F43A /* Pods-CircleStatusTests.release.xcconfig */;
			buildSettings = {
				BUNDLE_LOADER = "$(BUILT_PRODUCTS_DIR)/CircleStatus.app/CircleStatus";
				FRAMEWORK_SEARCH_PATHS = (
					"$(SDKROOT)/Developer/Library/Frameworks",
					"$(inherited)",
					"$(DEVELOPER_FRAMEWORKS_DIR)",
				);
				GCC_PRECOMPILE_PREFIX_HEADER = NO;
				GCC_PREFIX_HEADER = "";
				GCC_TREAT_WARNINGS_AS_ERRORS = YES;
				INFOPLIST_FILE = "CircleStatusTests/CircleStatusTests-Info.plist";
				PRODUCT_BUNDLE_IDENTIFIER = "com.ioskapps.${PRODUCT_NAME:rfc1034identifier}";
				PRODUCT_NAME = "$(TARGET_NAME)";
				TEST_HOST = "$(BUNDLE_LOADER)";
				WARNING_CFLAGS = "-Wfloat-equal";
				WRAPPER_EXTENSION = xctest;
			};
			name = Release;
		};
/* End XCBuildConfiguration section */

/* Begin XCConfigurationList section */
		645F4E8E19472315007D3B08 /* Build configuration list for PBXProject "CircleStatus" */ = {
			isa = XCConfigurationList;
			buildConfigurations = (
				645F4EC319472315007D3B08 /* Debug */,
				645F4EC419472315007D3B08 /* Release */,
			);
			defaultConfigurationIsVisible = 0;
			defaultConfigurationName = Release;
		};
		645F4EC519472315007D3B08 /* Build configuration list for PBXNativeTarget "CircleStatus" */ = {
			isa = XCConfigurationList;
			buildConfigurations = (
				645F4EC619472315007D3B08 /* Debug */,
				645F4EC719472315007D3B08 /* Release */,
			);
			defaultConfigurationIsVisible = 0;
			defaultConfigurationName = Release;
		};
		645F4EC819472315007D3B08 /* Build configuration list for PBXNativeTarget "CircleStatusTests" */ = {
			isa = XCConfigurationList;
			buildConfigurations = (
				645F4EC919472315007D3B08 /* Debug */,
				645F4ECA19472315007D3B08 /* Release */,
			);
			defaultConfigurationIsVisible = 0;
			defaultConfigurationName = Release;
		};
/* End XCConfigurationList section */
	};
	rootObject = 645F4E8B19472315007D3B08 /* Project object */;
}
